PODS:
  - HZAdditions (1.1.8):
    - HZAdditions/NSStringHelper (= 1.1.8)
  - HZAdditions/NSStringHelper (1.1.8)

DEPENDENCIES:
  - HZAdditions (from `../`)

EXTERNAL SOURCES:
  HZAdditions:
    :path: "../"

SPEC CHECKSUMS:
  HZAdditions: 1d4a56cd9b0c03f9e67d2677299ec7b5513026b9

PODFILE CHECKSUM: a4e90398dd5c3ebdb30b0e322945d8a3e0c8d2af

COCOAPODS: 1.5.0.beta.1
